
Microsoft Visual Studio Solution File, Format Version 12.00
# Visual Studio Version 17
VisualStudioVersion = 17.9.34723.18
MinimumVisualStudioVersion = 10.0.40219.1
Project("{9A19103F-16F7-4668-BE54-9A1E7A4F7556}") = "SchedulingWebApp", "SchedulingWebApp.csproj", "{C9FFCEE6-5731-4ED3-AE9F-4EF39C16752E}"
EndProject
Global
	GlobalSection(SolutionConfigurationPlatforms) = preSolution
		Debug|Any CPU = Debug|Any CPU
		Release|Any CPU = Release|Any CPU
	EndGlobalSection
	GlobalSection(ProjectConfigurationPlatforms) = postSolution
		{C9FFCEE6-5731-4ED3-AE9F-4EF39C16752E}.Debug|Any CPU.ActiveCfg = Debug|Any CPU
		{C9FFCEE6-5731-4ED3-AE9F-4EF39C16752E}.Debug|Any CPU.Build.0 = Debug|Any CPU
		{C9FFCEE6-5731-4ED3-AE9F-4EF39C16752E}.Release|Any CPU.ActiveCfg = Release|Any CPU
		{C9FFCEE6-5731-4ED3-AE9F-4EF39C16752E}.Release|Any CPU.Build.0 = Release|Any CPU
	EndGlobalSection
	GlobalSection(SolutionProperties) = preSolution
		HideSolutionNode = FALSE
	EndGlobalSection
	GlobalSection(ExtensibilityGlobals) = postSolution
		SolutionGuid = {6890F589-5C51-4548-87AD-EB463FDB0957}
	EndGlobalSection
EndGlobal
